PODS:
  - Flutter (1.0.0)
  - media_picker (0.0.1):
    - Flutter
  - path_provider (0.0.1):
    - Flutter
  - video_player (0.0.1):
    - Flutter

DEPENDENCIES:
  - Flutter (from `Pods/.symlinks/flutter/ios`)
  - media_picker (from `Pods/.symlinks/plugins/media_picker/ios`)
  - path_provider (from `Pods/.symlinks/plugins/path_provider/ios`)
  - video_player (from `Pods/.symlinks/plugins/video_player/ios`)

EXTERNAL SOURCES:
  Flutter:
    :path: Pods/.symlinks/flutter/ios
  media_picker:
    :path: Pods/.symlinks/plugins/media_picker/ios
  path_provider:
    :path: Pods/.symlinks/plugins/path_provider/ios
  video_player:
    :path: Pods/.symlinks/plugins/video_player/ios

SPEC CHECKSUMS:
  Flutter: 9d0fac939486c9aba2809b7982dfdbb47a7b0296
  media_picker: af4cf23846b31a93cc29c8529b6a1c66fd6a7c15
  path_provider: 09407919825bfe3c2deae39453b7a5b44f467873
  video_player: 906796a841943c8d370ac7c13b18039aa9b56498

PODFILE CHECKSUM: ea0518673586564c605fb6593d385c0e3708ff8d

COCOAPODS: 1.4.0
